
Microsoft Visual Studio Solution File, Format Version 12.00
# Visual Studio Version 17
VisualStudioVersion = 17.13.35931.197 d17.13
MinimumVisualStudioVersion = 10.0.40219.1
Project("{FAE04EC0-301F-11D3-BF4B-00C04F79EFBC}") = "api", "api.csproj", "{EE75E19B-FA00-4A18-B19C-D1837AB30124}"
EndProject
Global
	GlobalSection(SolutionConfigurationPlatforms) = preSolution
		Debug|Any CPU = Debug|Any CPU
		Release|Any CPU = Release|Any CPU
	EndGlobalSection
	GlobalSection(ProjectConfigurationPlatforms) = postSolution
		{EE75E19B-FA00-4A18-B19C-D1837AB30124}.Debug|Any CPU.ActiveCfg = Debug|Any CPU
		{EE75E19B-FA00-4A18-B19C-D1837AB30124}.Debug|Any CPU.Build.0 = Debug|Any CPU
		{EE75E19B-FA00-4A18-B19C-D1837AB30124}.Release|Any CPU.ActiveCfg = Release|Any CPU
		{EE75E19B-FA00-4A18-B19C-D1837AB30124}.Release|Any CPU.Build.0 = Release|Any CPU
	EndGlobalSection
	GlobalSection(SolutionProperties) = preSolution
		HideSolutionNode = FALSE
	EndGlobalSection
	GlobalSection(ExtensibilityGlobals) = postSolution
		SolutionGuid = {1DBF03B9-45A0-45DF-BC8F-72BA197FC8CC}
	EndGlobalSection
EndGlobal
